
Microsoft Visual Studio Solution File, Format Version 12.00
# Visual Studio 15
VisualStudioVersion = 15.0.28307.489
MinimumVisualStudioVersion = 10.0.40219.1
Project("{FAE04EC0-301F-11D3-BF4B-00C04F79EFBC}") = "FE", "FE.csproj", "{556421DF-2317-4F90-AD69-4625272B567F}"
EndProject
Global
	GlobalSection(SolutionConfigurationPlatforms) = preSolution
		Debug|Any CPU = Debug|Any CPU
		Release|Any CPU = Release|Any CPU
	EndGlobalSection
	GlobalSection(ProjectConfigurationPlatforms) = postSolution
		{556421DF-2317-4F90-AD69-4625272B567F}.Debug|Any CPU.ActiveCfg = Debug|Any CPU
		{556421DF-2317-4F90-AD69-4625272B567F}.Debug|Any CPU.Build.0 = Debug|Any CPU
		{556421DF-2317-4F90-AD69-4625272B567F}.Release|Any CPU.ActiveCfg = Release|Any CPU
		{556421DF-2317-4F90-AD69-4625272B567F}.Release|Any CPU.Build.0 = Release|Any CPU
	EndGlobalSection
	GlobalSection(SolutionProperties) = preSolution
		HideSolutionNode = FALSE
	EndGlobalSection
	GlobalSection(ExtensibilityGlobals) = postSolution
		SolutionGuid = {E0E8BC19-B877-4C67-BC7F-3C9DBB84DEAA}
	EndGlobalSection
EndGlobal
